// !$*UTF8*$!
{
	archiveVersion = 1;
	classes = {
	};
	objectVersion = 46;
	objects = {

/* Begin PBXBuildFile section */
		2504267A19D9509300590E9B /* AppDelegate.swift in Sources */ = {isa = PBXBuildFile; fileRef = 2504267919D9509300590E9B /* AppDelegate.swift */; };
		2504267F19D9509300590E9B /* Main.storyboard in Resources */ = {isa = PBXBuildFile; fileRef = 2504267D19D9509300590E9B /* Main.storyboard */; };
		2504268119D9509300590E9B /* Images.xcassets in Resources */ = {isa = PBXBuildFile; fileRef = 2504268019D9509300590E9B /* Images.xcassets */; };
		2504268419D9509300590E9B /* LaunchScreen.xib in Resources */ = {isa = PBXBuildFile; fileRef = 2504268219D9509300590E9B /* LaunchScreen.xib */; };
		2504269019D9509300590E9B /* CamTesterTests.swift in Sources */ = {isa = PBXBuildFile; fileRef = 2504268F19D9509300590E9B /* CamTesterTests.swift */; };
		2504269A19D951F100590E9B /* MenuViewController.swift in Sources */ = {isa = PBXBuildFile; fileRef = 2504269919D951F100590E9B /* MenuViewController.swift */; };
		2504269C19D9520400590E9B /* CameraViewController.swift in Sources */ = {isa = PBXBuildFile; fileRef = 2504269B19D9520400590E9B /* CameraViewController.swift */; };
		2504269E19D976D600590E9B /* TRXLog.swift in Sources */ = {isa = PBXBuildFile; fileRef = 2504269D19D976D600590E9B /* TRXLog.swift */; };
		250426A019D978A700590E9B /* LogViewController.swift in Sources */ = {isa = PBXBuildFile; fileRef = 2504269F19D978A700590E9B /* LogViewController.swift */; };
/* End PBXBuildFile section */

/* Begin PBXContainerItemProxy section */
		2504268A19D9509300590E9B /* PBXContainerItemProxy */ = {
			isa = PBXContainerItemProxy;
			containerPortal = 2504266C19D9509300590E9B /* Project object */;
			proxyType = 1;
			remoteGlobalIDString = 2504267319D9509300590E9B;
			remoteInfo = CamTester;
		};
/* End PBXContainerItemProxy section */

/* Begin PBXFileReference section */
		2504267419D9509300590E9B /* CamTester.app */ = {isa = PBXFileReference; explicitFileType = wrapper.application; includeInIndex = 0; path = CamTester.app; sourceTree = BUILT_PRODUCTS_DIR; };
		2504267819D9509300590E9B /* Info.plist */ = {isa = PBXFileReference; lastKnownFileType = text.plist.xml; path = Info.plist; sourceTree = "<group>"; };
		2504267919D9509300590E9B /* AppDelegate.swift */ = {isa = PBXFileReference; lastKnownFileType = sourcecode.swift; path = AppDelegate.swift; sourceTree = "<group>"; };
		2504267E19D9509300590E9B /* Base */ = {isa = PBXFileReference; lastKnownFileType = file.storyboard; name = Base; path = Base.lproj/Main.storyboard; sourceTree = "<group>"; };
		2504268019D9509300590E9B /* Images.xcassets */ = {isa = PBXFileReference; lastKnownFileType = folder.assetcatalog; path = Images.xcassets; sourceTree = "<group>"; };
		2504268319D9509300590E9B /* Base */ = {isa = PBXFileReference; lastKnownFileType = file.xib; name = Base; path = Base.lproj/LaunchScreen.xib; sourceTree = "<group>"; };
		2504268919D9509300590E9B /* CamTesterTests.xctest */ = {isa = PBXFileReference; explicitFileType = wrapper.cfbundle; includeInIndex = 0; path = CamTesterTests.xctest; sourceTree = BUILT_PRODUCTS_DIR; };
		2504268E19D9509300590E9B /* Info.plist */ = {isa = PBXFileReference; lastKnownFileType = text.plist.xml; path = Info.plist; sourceTree = "<group>"; };
		2504268F19D9509300590E9B /* CamTesterTests.swift */ = {isa = PBXFileReference; lastKnownFileType = sourcecode.swift; path = CamTesterTests.swift; sourceTree = "<group>"; };
		2504269919D951F100590E9B /* MenuViewController.swift */ = {isa = PBXFileReference; fileEncoding = 4; lastKnownFileType = sourcecode.swift; path = MenuViewController.swift; sourceTree = "<group>"; };
		2504269B19D9520400590E9B /* CameraViewController.swift */ = {isa = PBXFileReference; fileEncoding = 4; lastKnownFileType = sourcecode.swift; path = CameraViewController.swift; sourceTree = "<group>"; };
		2504269D19D976D600590E9B /* TRXLog.swift */ = {isa = PBXFileReference; fileEncoding = 4; lastKnownFileType = sourcecode.swift; path = TRXLog.swift; sourceTree = "<group>"; };
		2504269F19D978A700590E9B /* LogViewController.swift */ = {isa = PBXFileReference; fileEncoding = 4; lastKnownFileType = sourcecode.swift; path = LogViewController.swift; sourceTree = "<group>"; };
/* End PBXFileReference section */

/* Begin PBXFrameworksBuildPhase section */
		2504267119D9509300590E9B /* Frameworks */ = {
			isa = PBXFrameworksBuildPhase;
			buildActionMask = 2147483647;
			files = (
			);
			runOnlyForDeploymentPostprocessing = 0;
		};
		2504268619D9509300590E9B /* Frameworks */ = {
			isa = PBXFrameworksBuildPhase;
			buildActionMask = 2147483647;
			files = (
			);
			runOnlyForDeploymentPostprocessing = 0;
		};
/* End PBXFrameworksBuildPhase section */

/* Begin PBXGroup section */
		2504266B19D9509300590E9B = {
			isa = PBXGroup;
			children = (
				2504267619D9509300590E9B /* CamTester */,
				2504268C19D9509300590E9B /* CamTesterTests */,
				2504267519D9509300590E9B /* Products */,
			);
			sourceTree = "<group>";
		};
		2504267519D9509300590E9B /* Products */ = {
			isa = PBXGroup;
			children = (
				2504267419D9509300590E9B /* CamTester.app */,
				2504268919D9509300590E9B /* CamTesterTests.xctest */,
			);
			name = Products;
			sourceTree = "<group>";
		};
		2504267619D9509300590E9B /* CamTester */ = {
			isa = PBXGroup;
			children = (
				2504267919D9509300590E9B /* AppDelegate.swift */,
				2504269D19D976D600590E9B /* TRXLog.swift */,
				2504267D19D9509300590E9B /* Main.storyboard */,
				2504269919D951F100590E9B /* MenuViewController.swift */,
				2504269B19D9520400590E9B /* CameraViewController.swift */,
				2504269F19D978A700590E9B /* LogViewController.swift */,
				2504268019D9509300590E9B /* Images.xcassets */,
				2504268219D9509300590E9B /* LaunchScreen.xib */,
				2504267719D9509300590E9B /* Supporting Files */,
			);
			path = CamTester;
			sourceTree = "<group>";
		};
		2504267719D9509300590E9B /* Supporting Files */ = {
			isa = PBXGroup;
			children = (
				2504267819D9509300590E9B /* Info.plist */,
			);
			name = "Supporting Files";
			sourceTree = "<group>";
		};
		2504268C19D9509300590E9B /* CamTesterTests */ = {
			isa = PBXGroup;
			children = (
				2504268F19D9509300590E9B /* CamTesterTests.swift */,
				2504268D19D9509300590E9B /* Supporting Files */,
			);
			path = CamTesterTests;
			sourceTree = "<group>";
		};
		2504268D19D9509300590E9B /* Supporting Files */ = {
			isa = PBXGroup;
			children = (
				2504268E19D9509300590E9B /* Info.plist */,
			);
			name = "Supporting Files";
			sourceTree = "<group>";
		};
/* End PBXGroup section */

/* Begin PBXNativeTarget section */
		2504267319D9509300590E9B /* CamTester */ = {
			isa = PBXNativeTarget;
			buildConfigurationList = 2504269319D9509300590E9B /* Build configuration list for PBXNativeTarget "CamTester" */;
			buildPhases = (
				2504267019D9509300590E9B /* Sources */,
				2504267119D9509300590E9B /* Frameworks */,
				2504267219D9509300590E9B /* Resources */,
			);
			buildRules = (
			);
			dependencies = (
			);
			name = CamTester;
			productName = CamTester;
			productReference = 2504267419D9509300590E9B /* CamTester.app */;
			productType = "com.apple.product-type.application";
		};
		2504268819D9509300590E9B /* CamTesterTests */ = {
			isa = PBXNativeTarget;
			buildConfigurationList = 2504269619D9509300590E9B /* Build configuration list for PBXNativeTarget "CamTesterTests" */;
			buildPhases = (
				2504268519D9509300590E9B /* Sources */,
				2504268619D9509300590E9B /* Frameworks */,
				2504268719D9509300590E9B /* Resources */,
			);
			buildRules = (
			);
			dependencies = (
				2504268B19D9509300590E9B /* PBXTargetDependency */,
			);
			name = CamTesterTests;
			productName = CamTesterTests;
			productReference = 2504268919D9509300590E9B /* CamTesterTests.xctest */;
			productType = "com.apple.product-type.bundle.unit-test";
		};
/* End PBXNativeTarget section */

/* Begin PBXProject section */
		2504266C19D9509300590E9B /* Project object */ = {
			isa = PBXProject;
			attributes = {
				LastUpgradeCheck = 0600;
				ORGANIZATIONNAME = "Torques Inc.";
				TargetAttributes = {
					2504267319D9509300590E9B = {
						CreatedOnToolsVersion = 6.0.1;
					};
					2504268819D9509300590E9B = {
						CreatedOnToolsVersion = 6.0.1;
						TestTargetID = 2504267319D9509300590E9B;
					};
				};
			};
			buildConfigurationList = 2504266F19D9509300590E9B /* Build configuration list for PBXProject "CamTester" */;
			compatibilityVersion = "Xcode 3.2";
			developmentRegion = English;
			hasScannedForEncodings = 0;
			knownRegions = (
				en,
				Base,
			);
			mainGroup = 2504266B19D9509300590E9B;
			productRefGroup = 2504267519D9509300590E9B /* Products */;
			projectDirPath = "";
			projectRoot = "";
			targets = (
				2504267319D9509300590E9B /* CamTester */,
				2504268819D9509300590E9B /* CamTesterTests */,
			);
		};
/* End PBXProject section */

/* Begin PBXResourcesBuildPhase section */
		2504267219D9509300590E9B /* Resources */ = {
			isa = PBXResourcesBuildPhase;
			buildActionMask = 2147483647;
			files = (
				2504267F19D9509300590E9B /* Main.storyboard in Resources */,
				2504268419D9509300590E9B /* LaunchScreen.xib in Resources */,
				2504268119D9509300590E9B /* Images.xcassets in Resources */,
			);
			runOnlyForDeploymentPostprocessing = 0;
		};
		2504268719D9509300590E9B /* Resources */ = {
			isa = PBXResourcesBuildPhase;
			buildActionMask = 2147483647;
			files = (
			);
			runOnlyForDeploymentPostprocessing = 0;
		};
/* End PBXResourcesBuildPhase section */

/* Begin PBXSourcesBuildPhase section */
		2504267019D9509300590E9B /* Sources */ = {
			isa = PBXSourcesBuildPhase;
			buildActionMask = 2147483647;
			files = (
				2504267A19D9509300590E9B /* AppDelegate.swift in Sources */,
				250426A019D978A700590E9B /* LogViewController.swift in Sources */,
				2504269A19D951F100590E9B /* MenuViewController.swift in Sources */,
				2504269C19D9520400590E9B /* CameraViewController.swift in Sources */,
				2504269E19D976D600590E9B /* TRXLog.swift in Sources */,
			);
			runOnlyForDeploymentPostprocessing = 0;
		};
		2504268519D9509300590E9B /* Sources */ = {
			isa = PBXSourcesBuildPhase;
			buildActionMask = 2147483647;
			files = (
				2504269019D9509300590E9B /* CamTesterTests.swift in Sources */,
			);
			runOnlyForDeploymentPostprocessing = 0;
		};
/* End PBXSourcesBuildPhase section */

/* Begin PBXTargetDependency section */
		2504268B19D9509300590E9B /* PBXTargetDependency */ = {
			isa = PBXTargetDependency;
			target = 2504267319D9509300590E9B /* CamTester */;
			targetProxy = 2504268A19D9509300590E9B /* PBXContainerItemProxy */;
		};
/* End PBXTargetDependency section */

/* Begin PBXVariantGroup section */
		2504267D19D9509300590E9B /* Main.storyboard */ = {
			isa = PBXVariantGroup;
			children = (
				2504267E19D9509300590E9B /* Base */,
			);
			name = Main.storyboard;
			sourceTree = "<group>";
		};
		2504268219D9509300590E9B /* LaunchScreen.xib */ = {
			isa = PBXVariantGroup;
			children = (
				2504268319D9509300590E9B /* Base */,
			);
			name = LaunchScreen.xib;
			sourceTree = "<group>";
		};
/* End PBXVariantGroup section */

/* Begin XCBuildConfiguration section */
		2504269119D9509300590E9B /* Debug */ = {
			isa = XCBuildConfiguration;
			buildSettings = {
				ALWAYS_SEARCH_USER_PATHS = NO;
				CLANG_CXX_LANGUAGE_STANDARD = "gnu++0x";
				CLANG_CXX_LIBRARY = "libc++";
				CLANG_ENABLE_MODULES = YES;
				CLANG_ENABLE_OBJC_ARC = YES;
				CLANG_WARN_BOOL_CONVERSION = YES;
				CLANG_WARN_CONSTANT_CONVERSION = YES;
				CLANG_WARN_DIRECT_OBJC_ISA_USAGE = YES_ERROR;
				CLANG_WARN_EMPTY_BODY = YES;
				CLANG_WARN_ENUM_CONVERSION = YES;
				CLANG_WARN_INT_CONVERSION = YES;
				CLANG_WARN_OBJC_ROOT_CLASS = YES_ERROR;
				CLANG_WARN_UNREACHABLE_CODE = YES;
				CLANG_WARN__DUPLICATE_METHOD_MATCH = YES;
				"CODE_SIGN_IDENTITY[sdk=iphoneos*]" = "iPhone Developer";
				COPY_PHASE_STRIP = NO;
				ENABLE_STRICT_OBJC_MSGSEND = YES;
				GCC_C_LANGUAGE_STANDARD = gnu99;
				GCC_DYNAMIC_NO_PIC = NO;
				GCC_OPTIMIZATION_LEVEL = 0;
				GCC_PREPROCESSOR_DEFINITIONS = (
					"DEBUG=1",
					"$(inherited)",
				);
				GCC_SYMBOLS_PRIVATE_EXTERN = NO;
				GCC_WARN_64_TO_32_BIT_CONVERSION = YES;
				GCC_WARN_ABOUT_RETURN_TYPE = YES_ERROR;
				GCC_WARN_UNDECLARED_SELECTOR = YES;
				GCC_WARN_UNINITIALIZED_AUTOS = YES_AGGRESSIVE;
				GCC_WARN_UNUSED_FUNCTION = YES;
				GCC_WARN_UNUSED_VARIABLE = YES;
				IPHONEOS_DEPLOYMENT_TARGET = 8.0;
				MTL_ENABLE_DEBUG_INFO = YES;
				ONLY_ACTIVE_ARCH = YES;
				SDKROOT = iphoneos;
				SWIFT_OPTIMIZATION_LEVEL = "-Onone";
				TARGETED_DEVICE_FAMILY = "1,2";
			};
			name = Debug;
		};
		2504269219D9509300590E9B /* Release */ = {
			isa = XCBuildConfiguration;
			buildSettings = {
				ALWAYS_SEARCH_USER_PATHS = NO;
				CLANG_CXX_LANGUAGE_STANDARD = "gnu++0x";
				CLANG_CXX_LIBRARY = "libc++";
				CLANG_ENABLE_MODULES = YES;
				CLANG_ENABLE_OBJC_ARC = YES;
				CLANG_WARN_BOOL_CONVERSION = YES;
				CLANG_WARN_CONSTANT_CONVERSION = YES;
				CLANG_WARN_DIRECT_OBJC_ISA_USAGE = YES_ERROR;
				CLANG_WARN_EMPTY_BODY = YES;
				CLANG_WARN_ENUM_CONVERSION = YES;
				CLANG_WARN_INT_CONVERSION = YES;
				CLANG_WARN_OBJC_ROOT_CLASS = YES_ERROR;
				CLANG_WARN_UNREACHABLE_CODE = YES;
				CLANG_WARN__DUPLICATE_METHOD_MATCH = YES;
				"CODE_SIGN_IDENTITY[sdk=iphoneos*]" = "iPhone Developer";
				COPY_PHASE_STRIP = YES;
				ENABLE_NS_ASSERTIONS = NO;
				ENABLE_STRICT_OBJC_MSGSEND = YES;
				GCC_C_LANGUAGE_STANDARD = gnu99;
				GCC_WARN_64_TO_32_BIT_CONVERSION = YES;
				GCC_WARN_ABOUT_RETURN_TYPE = YES_ERROR;
				GCC_WARN_UNDECLARED_SELECTOR = YES;
				GCC_WARN_UNINITIALIZED_AUTOS = YES_AGGRESSIVE;
				GCC_WARN_UNUSED_FUNCTION = YES;
				GCC_WARN_UNUSED_VARIABLE = YES;
				IPHONEOS_DEPLOYMENT_TARGET = 8.0;
				MTL_ENABLE_DEBUG_INFO = NO;
				SDKROOT = iphoneos;
				TARGETED_DEVICE_FAMILY = "1,2";
				VALIDATE_PRODUCT = YES;
			};
			name = Release;
		};
		2504269419D9509300590E9B /* Debug */ = {
			isa = XCBuildConfiguration;
			buildSettings = {
				ASSETCATALOG_COMPILER_APPICON_NAME = AppIcon;
				INFOPLIST_FILE = CamTester/Info.plist;
				IPHONEOS_DEPLOYMENT_TARGET = 7.0;
				LD_RUNPATH_SEARCH_PATHS = "$(inherited) @executable_path/Frameworks";
				PRODUCT_NAME = "$(TARGET_NAME)";
			};
			name = Debug;
		};
		2504269519D9509300590E9B /* Release */ = {
			isa = XCBuildConfiguration;
			buildSettings = {
				ASSETCATALOG_COMPILER_APPICON_NAME = AppIcon;
				INFOPLIST_FILE = CamTester/Info.plist;
				IPHONEOS_DEPLOYMENT_TARGET = 7.0;
				LD_RUNPATH_SEARCH_PATHS = "$(inherited) @executable_path/Frameworks";
				PRODUCT_NAME = "$(TARGET_NAME)";
			};
			name = Release;
		};
		2504269719D9509300590E9B /* Debug */ = {
			isa = XCBuildConfiguration;
			buildSettings = {
				BUNDLE_LOADER = "$(TEST_HOST)";
				FRAMEWORK_SEARCH_PATHS = (
					"$(SDKROOT)/Developer/Library/Frameworks",
					"$(inherited)",
				);
				GCC_PREPROCESSOR_DEFINITIONS = (
					"DEBUG=1",
					"$(inherited)",
				);
				INFOPLIST_FILE = CamTesterTests/Info.plist;
				LD_RUNPATH_SEARCH_PATHS = "$(inherited) @executable_path/Frameworks @loader_path/Frameworks";
				PRODUCT_NAME = "$(TARGET_NAME)";
				TEST_HOST = "$(BUILT_PRODUCTS_DIR)/CamTester.app/CamTester";
			};
			name = Debug;
		};
		2504269819D9509300590E9B /* Release */ = {
			isa = XCBuildConfiguration;
			buildSettings = {
				BUNDLE_LOADER = "$(TEST_HOST)";
				FRAMEWORK_SEARCH_PATHS = (
					"$(SDKROOT)/Developer/Library/Frameworks",
					"$(inherited)",
				);
				INFOPLIST_FILE = CamTesterTests/Info.plist;
				LD_RUNPATH_SEARCH_PATHS = "$(inherited) @executable_path/Frameworks @loader_path/Frameworks";
				PRODUCT_NAME = "$(TARGET_NAME)";
				TEST_HOST = "$(BUILT_PRODUCTS_DIR)/CamTester.app/CamTester";
			};
			name = Release;
		};
/* End XCBuildConfiguration section */

/* Begin XCConfigurationList section */
		2504266F19D9509300590E9B /* Build configuration list for PBXProject "CamTester" */ = {
			isa = XCConfigurationList;
			buildConfigurations = (
				2504269119D9509300590E9B /* Debug */,
				2504269219D9509300590E9B /* Release */,
			);
			defaultConfigurationIsVisible = 0;
			defaultConfigurationName = Release;
		};
		2504269319D9509300590E9B /* Build configuration list for PBXNativeTarget "CamTester" */ = {
			isa = XCConfigurationList;
			buildConfigurations = (
				2504269419D9509300590E9B /* Debug */,
				2504269519D9509300590E9B /* Release */,
			);
			defaultConfigurationIsVisible = 0;
		};
		2504269619D9509300590E9B /* Build configuration list for PBXNativeTarget "CamTesterTests" */ = {
			isa = XCConfigurationList;
			buildConfigurations = (
				2504269719D9509300590E9B /* Debug */,
				2504269819D9509300590E9B /* Release */,
			);
			defaultConfigurationIsVisible = 0;
		};
/* End XCConfigurationList section */
	};
	rootObject = 2504266C19D9509300590E9B /* Project object */;
}
